
Microsoft Visual Studio Solution File, Format Version 12.00
# Visual Studio Version 17
VisualStudioVersion = 17.7.34202.233
MinimumVisualStudioVersion = 10.0.40219.1
Project("{FAE04EC0-301F-11D3-BF4B-00C04F79EFBC}") = "ColetaPertinhoAPI", "ColetaPertinhoAPI.csproj", "{FE49E90A-0689-4375-8E17-BD09F29F478B}"
EndProject
Global
	GlobalSection(SolutionConfigurationPlatforms) = preSolution
		Debug|Any CPU = Debug|Any CPU
		Release|Any CPU = Release|Any CPU
	EndGlobalSection
	GlobalSection(ProjectConfigurationPlatforms) = postSolution
		{FE49E90A-0689-4375-8E17-BD09F29F478B}.Debug|Any CPU.ActiveCfg = Debug|Any CPU
		{FE49E90A-0689-4375-8E17-BD09F29F478B}.Debug|Any CPU.Build.0 = Debug|Any CPU
		{FE49E90A-0689-4375-8E17-BD09F29F478B}.Release|Any CPU.ActiveCfg = Release|Any CPU
		{FE49E90A-0689-4375-8E17-BD09F29F478B}.Release|Any CPU.Build.0 = Release|Any CPU
	EndGlobalSection
	GlobalSection(SolutionProperties) = preSolution
		HideSolutionNode = FALSE
	EndGlobalSection
	GlobalSection(ExtensibilityGlobals) = postSolution
		SolutionGuid = {5A2434A9-0485-42D4-86BE-884DA3E8FBF0}
	EndGlobalSection
EndGlobal
